
Microsoft Visual Studio Solution File, Format Version 12.00
# Visual Studio Version 16
VisualStudioVersion = 16.0.31205.134
MinimumVisualStudioVersion = 10.0.40219.1
Project("{FAE04EC0-301F-11D3-BF4B-00C04F79EFBC}") = "AutomatedUITest_DemoQA", "AutomatedUITest_DemoQA.csproj", "{04254EAE-0E6C-4869-A2A1-01D58E719835}"
EndProject
Global
	GlobalSection(SolutionConfigurationPlatforms) = preSolution
		Debug|Any CPU = Debug|Any CPU
		Release|Any CPU = Release|Any CPU
	EndGlobalSection
	GlobalSection(ProjectConfigurationPlatforms) = postSolution
		{04254EAE-0E6C-4869-A2A1-01D58E719835}.Debug|Any CPU.ActiveCfg = Debug|Any CPU
		{04254EAE-0E6C-4869-A2A1-01D58E719835}.Debug|Any CPU.Build.0 = Debug|Any CPU
		{04254EAE-0E6C-4869-A2A1-01D58E719835}.Release|Any CPU.ActiveCfg = Release|Any CPU
		{04254EAE-0E6C-4869-A2A1-01D58E719835}.Release|Any CPU.Build.0 = Release|Any CPU
	EndGlobalSection
	GlobalSection(SolutionProperties) = preSolution
		HideSolutionNode = FALSE
	EndGlobalSection
	GlobalSection(ExtensibilityGlobals) = postSolution
		SolutionGuid = {78411772-26A2-4CD9-9163-967915E2C9D3}
	EndGlobalSection
EndGlobal
